
Microsoft Visual Studio Solution File, Format Version 12.00
# Visual Studio Version 16
VisualStudioVersion = 16.0.31729.503
MinimumVisualStudioVersion = 10.0.40219.1
Project("{FAE04EC0-301F-11D3-BF4B-00C04F79EFBC}") = "M-Indicator System", "M-Indicator System\M-Indicator System.csproj", "{B4E2EF87-A34E-4413-BE85-C4B3E2EDCC46}"
EndProject
Global
	GlobalSection(SolutionConfigurationPlatforms) = preSolution
		Debug|Any CPU = Debug|Any CPU
		Release|Any CPU = Release|Any CPU
	EndGlobalSection
	GlobalSection(ProjectConfigurationPlatforms) = postSolution
		{B4E2EF87-A34E-4413-BE85-C4B3E2EDCC46}.Debug|Any CPU.ActiveCfg = Debug|Any CPU
		{B4E2EF87-A34E-4413-BE85-C4B3E2EDCC46}.Debug|Any CPU.Build.0 = Debug|Any CPU
		{B4E2EF87-A34E-4413-BE85-C4B3E2EDCC46}.Release|Any CPU.ActiveCfg = Release|Any CPU
		{B4E2EF87-A34E-4413-BE85-C4B3E2EDCC46}.Release|Any CPU.Build.0 = Release|Any CPU
	EndGlobalSection
	GlobalSection(SolutionProperties) = preSolution
		HideSolutionNode = FALSE
	EndGlobalSection
	GlobalSection(ExtensibilityGlobals) = postSolution
		SolutionGuid = {0934448D-7445-4C40-90F4-C5BB58455413}
	EndGlobalSection
EndGlobal
